
Microsoft Visual Studio Solution File, Format Version 12.00
# Visual Studio 15
VisualStudioVersion = 15.0.26730.12
MinimumVisualStudioVersion = 10.0.40219.1
Project("{FAE04EC0-301F-11D3-BF4B-00C04F79EFBC}") = "Nicom.Timesheets.Api", "Api\Nicom.Timesheets.Api.csproj", "{106003A5-BD2F-44A4-8CEE-9C2B98C32C7F}"
EndProject
Project("{FAE04EC0-301F-11D3-BF4B-00C04F79EFBC}") = "Nicom.Timesheets.Data", "Nicom.Timesheets.Data\Nicom.Timesheets.Data.csproj", "{E55762AD-2318-4403-8434-950CD519E3ED}"
EndProject
Project("{FAE04EC0-301F-11D3-BF4B-00C04F79EFBC}") = "Nicom.Timesheets.Entities", "Nicom.Timesheets.Entities\Nicom.Timesheets.Entities.csproj", "{ADCDDAF1-557E-4FDB-A919-77435A8589B2}"
EndProject
Global
	GlobalSection(SolutionConfigurationPlatforms) = preSolution
		Debug|Any CPU = Debug|Any CPU
		Release|Any CPU = Release|Any CPU
	EndGlobalSection
	GlobalSection(ProjectConfigurationPlatforms) = postSolution
		{106003A5-BD2F-44A4-8CEE-9C2B98C32C7F}.Debug|Any CPU.ActiveCfg = Debug|Any CPU
		{106003A5-BD2F-44A4-8CEE-9C2B98C32C7F}.Debug|Any CPU.Build.0 = Debug|Any CPU
		{106003A5-BD2F-44A4-8CEE-9C2B98C32C7F}.Release|Any CPU.ActiveCfg = Release|Any CPU
		{106003A5-BD2F-44A4-8CEE-9C2B98C32C7F}.Release|Any CPU.Build.0 = Release|Any CPU
		{E55762AD-2318-4403-8434-950CD519E3ED}.Debug|Any CPU.ActiveCfg = Debug|Any CPU
		{E55762AD-2318-4403-8434-950CD519E3ED}.Debug|Any CPU.Build.0 = Debug|Any CPU
		{E55762AD-2318-4403-8434-950CD519E3ED}.Release|Any CPU.ActiveCfg = Release|Any CPU
		{E55762AD-2318-4403-8434-950CD519E3ED}.Release|Any CPU.Build.0 = Release|Any CPU
		{ADCDDAF1-557E-4FDB-A919-77435A8589B2}.Debug|Any CPU.ActiveCfg = Debug|Any CPU
		{ADCDDAF1-557E-4FDB-A919-77435A8589B2}.Debug|Any CPU.Build.0 = Debug|Any CPU
		{ADCDDAF1-557E-4FDB-A919-77435A8589B2}.Release|Any CPU.ActiveCfg = Release|Any CPU
		{ADCDDAF1-557E-4FDB-A919-77435A8589B2}.Release|Any CPU.Build.0 = Release|Any CPU
	EndGlobalSection
	GlobalSection(SolutionProperties) = preSolution
		HideSolutionNode = FALSE
	EndGlobalSection
	GlobalSection(ExtensibilityGlobals) = postSolution
		SolutionGuid = {166C9B7C-8FC3-46E3-8838-F3224594DA52}
	EndGlobalSection
EndGlobal
